
Microsoft Visual Studio Solution File, Format Version 12.00
# Visual Studio Version 17
VisualStudioVersion = 17.5.33627.172
MinimumVisualStudioVersion = 10.0.40219.1
Project("{FAE04EC0-301F-11D3-BF4B-00C04F79EFBC}") = "UIPages_CourseManagement", "UIPages_CourseManagement\UIPages_CourseManagement.csproj", "{602F6F1F-40CB-454C-9AD7-A8F18DDEA695}"
EndProject
Project("{FAE04EC0-301F-11D3-BF4B-00C04F79EFBC}") = "Services", "Services\Services.csproj", "{5072D4F7-8527-4A4B-8E14-A366F7BC5C6F}"
EndProject
Project("{FAE04EC0-301F-11D3-BF4B-00C04F79EFBC}") = "Repository", "Repository\Repository.csproj", "{CFBA64F2-430A-40FA-9F53-A3EDE4C326EB}"
EndProject
Global
	GlobalSection(SolutionConfigurationPlatforms) = preSolution
		Debug|Any CPU = Debug|Any CPU
		Release|Any CPU = Release|Any CPU
	EndGlobalSection
	GlobalSection(ProjectConfigurationPlatforms) = postSolution
		{602F6F1F-40CB-454C-9AD7-A8F18DDEA695}.Debug|Any CPU.ActiveCfg = Debug|Any CPU
		{602F6F1F-40CB-454C-9AD7-A8F18DDEA695}.Debug|Any CPU.Build.0 = Debug|Any CPU
		{602F6F1F-40CB-454C-9AD7-A8F18DDEA695}.Release|Any CPU.ActiveCfg = Release|Any CPU
		{602F6F1F-40CB-454C-9AD7-A8F18DDEA695}.Release|Any CPU.Build.0 = Release|Any CPU
		{5072D4F7-8527-4A4B-8E14-A366F7BC5C6F}.Debug|Any CPU.ActiveCfg = Debug|Any CPU
		{5072D4F7-8527-4A4B-8E14-A366F7BC5C6F}.Debug|Any CPU.Build.0 = Debug|Any CPU
		{5072D4F7-8527-4A4B-8E14-A366F7BC5C6F}.Release|Any CPU.ActiveCfg = Release|Any CPU
		{5072D4F7-8527-4A4B-8E14-A366F7BC5C6F}.Release|Any CPU.Build.0 = Release|Any CPU
		{CFBA64F2-430A-40FA-9F53-A3EDE4C326EB}.Debug|Any CPU.ActiveCfg = Debug|Any CPU
		{CFBA64F2-430A-40FA-9F53-A3EDE4C326EB}.Debug|Any CPU.Build.0 = Debug|Any CPU
		{CFBA64F2-430A-40FA-9F53-A3EDE4C326EB}.Release|Any CPU.ActiveCfg = Release|Any CPU
		{CFBA64F2-430A-40FA-9F53-A3EDE4C326EB}.Release|Any CPU.Build.0 = Release|Any CPU
	EndGlobalSection
	GlobalSection(SolutionProperties) = preSolution
		HideSolutionNode = FALSE
	EndGlobalSection
	GlobalSection(ExtensibilityGlobals) = postSolution
		SolutionGuid = {711351F8-1655-4DFF-9D87-806794BB1CFA}
	EndGlobalSection
EndGlobal
